
Microsoft Visual Studio Solution File, Format Version 12.00
# Visual Studio Version 16
VisualStudioVersion = 16.0.32228.343
MinimumVisualStudioVersion = 10.0.40219.1
Project("{FAE04EC0-301F-11D3-BF4B-00C04F79EFBC}") = "AutomationScript", "AutomationScript\AutomationScript.csproj", "{729FD6D4-C0FD-420D-B5A0-F84CB7036683}"
EndProject
Global
	GlobalSection(SolutionConfigurationPlatforms) = preSolution
		Debug|Any CPU = Debug|Any CPU
		Release|Any CPU = Release|Any CPU
	EndGlobalSection
	GlobalSection(ProjectConfigurationPlatforms) = postSolution
		{729FD6D4-C0FD-420D-B5A0-F84CB7036683}.Debug|Any CPU.ActiveCfg = Debug|Any CPU
		{729FD6D4-C0FD-420D-B5A0-F84CB7036683}.Debug|Any CPU.Build.0 = Debug|Any CPU
		{729FD6D4-C0FD-420D-B5A0-F84CB7036683}.Release|Any CPU.ActiveCfg = Release|Any CPU
		{729FD6D4-C0FD-420D-B5A0-F84CB7036683}.Release|Any CPU.Build.0 = Release|Any CPU
	EndGlobalSection
	GlobalSection(SolutionProperties) = preSolution
		HideSolutionNode = FALSE
	EndGlobalSection
	GlobalSection(ExtensibilityGlobals) = postSolution
		SolutionGuid = {02FAEE6A-44D7-4C11-BA9E-C391EC15454C}
	EndGlobalSection
EndGlobal
